
Microsoft Visual Studio Solution File, Format Version 12.00
# Visual Studio 15
VisualStudioVersion = 15.0.28010.2016
MinimumVisualStudioVersion = 10.0.40219.1
Project("{FAE04EC0-301F-11D3-BF4B-00C04F79EFBC}") = "Class16", "Class16\Class16.csproj", "{099E83BA-CA69-4EFF-AB81-4B5AE1C88538}"
EndProject
Global
	GlobalSection(SolutionConfigurationPlatforms) = preSolution
		Debug|Any CPU = Debug|Any CPU
		Release|Any CPU = Release|Any CPU
	EndGlobalSection
	GlobalSection(ProjectConfigurationPlatforms) = postSolution
		{099E83BA-CA69-4EFF-AB81-4B5AE1C88538}.Debug|Any CPU.ActiveCfg = Debug|Any CPU
		{099E83BA-CA69-4EFF-AB81-4B5AE1C88538}.Debug|Any CPU.Build.0 = Debug|Any CPU
		{099E83BA-CA69-4EFF-AB81-4B5AE1C88538}.Release|Any CPU.ActiveCfg = Release|Any CPU
		{099E83BA-CA69-4EFF-AB81-4B5AE1C88538}.Release|Any CPU.Build.0 = Release|Any CPU
	EndGlobalSection
	GlobalSection(SolutionProperties) = preSolution
		HideSolutionNode = FALSE
	EndGlobalSection
	GlobalSection(ExtensibilityGlobals) = postSolution
		SolutionGuid = {6E173957-FB85-4A11-BE9F-3F7010A6FCE2}
	EndGlobalSection
EndGlobal
